
Microsoft Visual Studio Solution File, Format Version 12.00
# Visual Studio Version 17
VisualStudioVersion = 17.7.34024.191
MinimumVisualStudioVersion = 10.0.40219.1
Project("{9A19103F-16F7-4668-BE54-9A1E7A4F7556}") = "htmlSerializer", "htmlSerializer\htmlSerializer.csproj", "{173B38CF-4C7F-4A8D-B066-D59D09373731}"
EndProject
Project("{2150E333-8FDC-42A3-9474-1A3956D46DE8}") = "Solution Items", "Solution Items", "{8E27E2F3-A2BA-49B1-9A18-77AAB44739AE}"
EndProject
Global
	GlobalSection(SolutionConfigurationPlatforms) = preSolution
		Debug|Any CPU = Debug|Any CPU
		Release|Any CPU = Release|Any CPU
	EndGlobalSection
	GlobalSection(ProjectConfigurationPlatforms) = postSolution
		{173B38CF-4C7F-4A8D-B066-D59D09373731}.Debug|Any CPU.ActiveCfg = Debug|Any CPU
		{173B38CF-4C7F-4A8D-B066-D59D09373731}.Debug|Any CPU.Build.0 = Debug|Any CPU
		{173B38CF-4C7F-4A8D-B066-D59D09373731}.Release|Any CPU.ActiveCfg = Release|Any CPU
		{173B38CF-4C7F-4A8D-B066-D59D09373731}.Release|Any CPU.Build.0 = Release|Any CPU
	EndGlobalSection
	GlobalSection(SolutionProperties) = preSolution
		HideSolutionNode = FALSE
	EndGlobalSection
	GlobalSection(ExtensibilityGlobals) = postSolution
		SolutionGuid = {C180CA41-C7DF-4AE6-B7C3-2E0BB2FE0763}
	EndGlobalSection
EndGlobal
